
Microsoft Visual Studio Solution File, Format Version 12.00
# Visual Studio 2013
VisualStudioVersion = 12.0.0.0
MinimumVisualStudioVersion = 10.0.0.1
Project("{FAE04EC0-301F-11D3-BF4B-00C04F79EFBC}") = "Cold.WebServer", "Cold.WebServer/Cold.WebServer.csproj", "{0AD05E88-00D7-44FA-BCC6-2CE69F2D099D}"
EndProject
Global
	GlobalSection(SolutionConfigurationPlatforms) = preSolution
		Debug|Any CPU = Debug|Any CPU
		Release|Any CPU = Release|Any CPU
	EndGlobalSection
	GlobalSection(ProjectConfigurationPlatforms) = postSolution
		{0AD05E88-00D7-44FA-BCC6-2CE69F2D099D}.Debug|Any CPU.ActiveCfg = Debug|Any CPU
		{0AD05E88-00D7-44FA-BCC6-2CE69F2D099D}.Debug|Any CPU.Build.0 = Debug|Any CPU
		{0AD05E88-00D7-44FA-BCC6-2CE69F2D099D}.Release|Any CPU.ActiveCfg = Release|Any CPU
		{0AD05E88-00D7-44FA-BCC6-2CE69F2D099D}.Release|Any CPU.Build.0 = Release|Any CPU
	EndGlobalSection
	GlobalSection(SolutionProperties) = preSolution
		HideSolutionNode = FALSE
	EndGlobalSection
EndGlobal
